
Microsoft Visual Studio Solution File, Format Version 12.00
# Visual Studio Version 17
VisualStudioVersion = 17.4.33110.190
MinimumVisualStudioVersion = 10.0.40219.1
Project("{FAE04EC0-301F-11D3-BF4B-00C04F79EFBC}") = "Zti.Api", "Zti.Api\Zti.Api.csproj", "{73FC3E88-E2EC-4FA0-8D13-7A3EE9E8D6FE}"
EndProject
Project("{FAE04EC0-301F-11D3-BF4B-00C04F79EFBC}") = "Zti.Common", "Zti.Common\Zti.Common.csproj", "{939A4434-313E-4A10-A34D-48F9F34225F7}"
EndProject
Global
	GlobalSection(SolutionConfigurationPlatforms) = preSolution
		Debug|Any CPU = Debug|Any CPU
		Release|Any CPU = Release|Any CPU
	EndGlobalSection
	GlobalSection(ProjectConfigurationPlatforms) = postSolution
		{73FC3E88-E2EC-4FA0-8D13-7A3EE9E8D6FE}.Debug|Any CPU.ActiveCfg = Debug|Any CPU
		{73FC3E88-E2EC-4FA0-8D13-7A3EE9E8D6FE}.Debug|Any CPU.Build.0 = Debug|Any CPU
		{73FC3E88-E2EC-4FA0-8D13-7A3EE9E8D6FE}.Release|Any CPU.ActiveCfg = Release|Any CPU
		{73FC3E88-E2EC-4FA0-8D13-7A3EE9E8D6FE}.Release|Any CPU.Build.0 = Release|Any CPU
		{939A4434-313E-4A10-A34D-48F9F34225F7}.Debug|Any CPU.ActiveCfg = Debug|Any CPU
		{939A4434-313E-4A10-A34D-48F9F34225F7}.Debug|Any CPU.Build.0 = Debug|Any CPU
		{939A4434-313E-4A10-A34D-48F9F34225F7}.Release|Any CPU.ActiveCfg = Release|Any CPU
		{939A4434-313E-4A10-A34D-48F9F34225F7}.Release|Any CPU.Build.0 = Release|Any CPU
	EndGlobalSection
	GlobalSection(SolutionProperties) = preSolution
		HideSolutionNode = FALSE
	EndGlobalSection
	GlobalSection(ExtensibilityGlobals) = postSolution
		SolutionGuid = {680A4EEE-8FAA-44D1-9CD3-9F4112FCFABA}
	EndGlobalSection
EndGlobal
